
Microsoft Visual Studio Solution File, Format Version 12.00
Project("{FAE04EC0-301F-11D3-BF4B-00C04F79EFBC}") = "Convert", "Convert\Convert.csproj", "{B14080BD-37B8-486A-AA85-D39E3DD85174}"
EndProject
Global
	GlobalSection(SolutionConfigurationPlatforms) = preSolution
		Debug|Any CPU = Debug|Any CPU
		Release|Any CPU = Release|Any CPU
	EndGlobalSection
	GlobalSection(ProjectConfigurationPlatforms) = postSolution
		{B14080BD-37B8-486A-AA85-D39E3DD85174}.Debug|Any CPU.ActiveCfg = Debug|Any CPU
		{B14080BD-37B8-486A-AA85-D39E3DD85174}.Debug|Any CPU.Build.0 = Debug|Any CPU
		{B14080BD-37B8-486A-AA85-D39E3DD85174}.Release|Any CPU.ActiveCfg = Release|Any CPU
		{B14080BD-37B8-486A-AA85-D39E3DD85174}.Release|Any CPU.Build.0 = Release|Any CPU
	EndGlobalSection
EndGlobal
